// !$*UTF8*$!
{
	archiveVersion = 1;
	classes = {
	};
	objectVersion = 50;
	objects = {

/* Begin PBXBuildFile section */
		3260B43D23DEB9D100CFFA85 /* AppDelegate.swift in Sources */ = {isa = PBXBuildFile; fileRef = 3260B43C23DEB9D100CFFA85 /* AppDelegate.swift */; };
		3260B43F23DEB9D100CFFA85 /* SceneDelegate.swift in Sources */ = {isa = PBXBuildFile; fileRef = 3260B43E23DEB9D100CFFA85 /* SceneDelegate.swift */; };
		3260B44123DEB9D100CFFA85 /* ContentView.swift in Sources */ = {isa = PBXBuildFile; fileRef = 3260B44023DEB9D100CFFA85 /* ContentView.swift */; };
		3260B44323DEB9D300CFFA85 /* Assets.xcassets in Resources */ = {isa = PBXBuildFile; fileRef = 3260B44223DEB9D300CFFA85 /* Assets.xcassets */; };
		3260B44623DEB9D300CFFA85 /* Preview Assets.xcassets in Resources */ = {isa = PBXBuildFile; fileRef = 3260B44523DEB9D300CFFA85 /* Preview Assets.xcassets */; };
		3260B44923DEB9D300CFFA85 /* LaunchScreen.storyboard in Resources */ = {isa = PBXBuildFile; fileRef = 3260B44723DEB9D300CFFA85 /* LaunchScreen.storyboard */; };
		3260B45123DEBB4A00CFFA85 /* MapView.swift in Sources */ = {isa = PBXBuildFile; fileRef = 3260B45023DEBB4A00CFFA85 /* MapView.swift */; };
		3260B45323DEBB5D00CFFA85 /* CircleImage.swift in Sources */ = {isa = PBXBuildFile; fileRef = 3260B45223DEBB5D00CFFA85 /* CircleImage.swift */; };
		3260B45A23DEBC5700CFFA85 /* Landmark.swift in Sources */ = {isa = PBXBuildFile; fileRef = 3260B45923DEBC5700CFFA85 /* Landmark.swift */; };
		3260B45C23DEBC7100CFFA85 /* landmarkData.json in Resources */ = {isa = PBXBuildFile; fileRef = 3260B45B23DEBC7100CFFA85 /* landmarkData.json */; };
		3260B45E23DEBD0900CFFA85 /* LandmarkRow.swift in Sources */ = {isa = PBXBuildFile; fileRef = 3260B45D23DEBD0900CFFA85 /* LandmarkRow.swift */; };
		3260B46223DEBDF200CFFA85 /* Data.swift in Sources */ = {isa = PBXBuildFile; fileRef = 3260B46123DEBDF200CFFA85 /* Data.swift */; };
		3260B46523DEC0A500CFFA85 /* LandmarkList.swift in Sources */ = {isa = PBXBuildFile; fileRef = 3260B46423DEC0A500CFFA85 /* LandmarkList.swift */; };
		3260B47223DEC18B00CFFA85 /* chilkoottrail.jpg in Resources */ = {isa = PBXBuildFile; fileRef = 3260B46623DEC18A00CFFA85 /* chilkoottrail.jpg */; };
		3260B47323DEC18B00CFFA85 /* hiddenlake.jpg in Resources */ = {isa = PBXBuildFile; fileRef = 3260B46723DEC18A00CFFA85 /* hiddenlake.jpg */; };
		3260B47423DEC18B00CFFA85 /* stmarylake.jpg in Resources */ = {isa = PBXBuildFile; fileRef = 3260B46823DEC18A00CFFA85 /* stmarylake.jpg */; };
		3260B47523DEC18B00CFFA85 /* umbagog.jpg in Resources */ = {isa = PBXBuildFile; fileRef = 3260B46923DEC18A00CFFA85 /* umbagog.jpg */; };
		3260B47623DEC18B00CFFA85 /* twinlake.jpg in Resources */ = {isa = PBXBuildFile; fileRef = 3260B46A23DEC18A00CFFA85 /* twinlake.jpg */; };
		3260B47723DEC18B00CFFA85 /* yukon_charleyrivers.jpg in Resources */ = {isa = PBXBuildFile; fileRef = 3260B46B23DEC18A00CFFA85 /* yukon_charleyrivers.jpg */; };
		3260B47823DEC18B00CFFA85 /* turtlerock.jpg in Resources */ = {isa = PBXBuildFile; fileRef = 3260B46C23DEC18A00CFFA85 /* turtlerock.jpg */; };
		3260B47923DEC18B00CFFA85 /* icybay.jpg in Resources */ = {isa = PBXBuildFile; fileRef = 3260B46D23DEC18A00CFFA85 /* icybay.jpg */; };
		3260B47A23DEC18B00CFFA85 /* lakemcdonald.jpg in Resources */ = {isa = PBXBuildFile; fileRef = 3260B46E23DEC18A00CFFA85 /* lakemcdonald.jpg */; };
		3260B47B23DEC18B00CFFA85 /* silversalmoncreek.jpg in Resources */ = {isa = PBXBuildFile; fileRef = 3260B46F23DEC18A00CFFA85 /* silversalmoncreek.jpg */; };
		3260B47C23DEC18B00CFFA85 /* chincoteague.jpg in Resources */ = {isa = PBXBuildFile; fileRef = 3260B47023DEC18A00CFFA85 /* chincoteague.jpg */; };
		3260B47D23DEC18B00CFFA85 /* rainbowlake.jpg in Resources */ = {isa = PBXBuildFile; fileRef = 3260B47123DEC18B00CFFA85 /* rainbowlake.jpg */; };
/* End PBXBuildFile section */

/* Begin PBXFileReference section */
		3260B43923DEB9D100CFFA85 /* task.2.landmarks.app */ = {isa = PBXFileReference; explicitFileType = wrapper.application; includeInIndex = 0; path = task.2.landmarks.app; sourceTree = BUILT_PRODUCTS_DIR; };
		3260B43C23DEB9D100CFFA85 /* AppDelegate.swift */ = {isa = PBXFileReference; lastKnownFileType = sourcecode.swift; path = AppDelegate.swift; sourceTree = "<group>"; };
		3260B43E23DEB9D100CFFA85 /* SceneDelegate.swift */ = {isa = PBXFileReference; lastKnownFileType = sourcecode.swift; path = SceneDelegate.swift; sourceTree = "<group>"; };
		3260B44023DEB9D100CFFA85 /* ContentView.swift */ = {isa = PBXFileReference; lastKnownFileType = sourcecode.swift; path = ContentView.swift; sourceTree = "<group>"; };
		3260B44223DEB9D300CFFA85 /* Assets.xcassets */ = {isa = PBXFileReference; lastKnownFileType = folder.assetcatalog; path = Assets.xcassets; sourceTree = "<group>"; };
		3260B44523DEB9D300CFFA85 /* Preview Assets.xcassets */ = {isa = PBXFileReference; lastKnownFileType = folder.assetcatalog; path = "Preview Assets.xcassets"; sourceTree = "<group>"; };
		3260B44823DEB9D300CFFA85 /* Base */ = {isa = PBXFileReference; lastKnownFileType = file.storyboard; name = Base; path = Base.lproj/LaunchScreen.storyboard; sourceTree = "<group>"; };
		3260B44A23DEB9D300CFFA85 /* Info.plist */ = {isa = PBXFileReference; lastKnownFileType = text.plist.xml; path = Info.plist; sourceTree = "<group>"; };
		3260B45023DEBB4A00CFFA85 /* MapView.swift */ = {isa = PBXFileReference; fileEncoding = 4; lastKnownFileType = sourcecode.swift; path = MapView.swift; sourceTree = "<group>"; };
		3260B45223DEBB5D00CFFA85 /* CircleImage.swift */ = {isa = PBXFileReference; fileEncoding = 4; lastKnownFileType = sourcecode.swift; path = CircleImage.swift; sourceTree = "<group>"; };
		3260B45923DEBC5700CFFA85 /* Landmark.swift */ = {isa = PBXFileReference; fileEncoding = 4; lastKnownFileType = sourcecode.swift; path = Landmark.swift; sourceTree = "<group>"; };
		3260B45B23DEBC7100CFFA85 /* landmarkData.json */ = {isa = PBXFileReference; fileEncoding = 4; lastKnownFileType = text.json; path = landmarkData.json; sourceTree = "<group>"; };
		3260B45D23DEBD0900CFFA85 /* LandmarkRow.swift */ = {isa = PBXFileReference; lastKnownFileType = sourcecode.swift; path = LandmarkRow.swift; sourceTree = "<group>"; };
		3260B46123DEBDF200CFFA85 /* Data.swift */ = {isa = PBXFileReference; fileEncoding = 4; lastKnownFileType = sourcecode.swift; path = Data.swift; sourceTree = "<group>"; };
		3260B46423DEC0A500CFFA85 /* LandmarkList.swift */ = {isa = PBXFileReference; lastKnownFileType = sourcecode.swift; path = LandmarkList.swift; sourceTree = "<group>"; };
		3260B46623DEC18A00CFFA85 /* chilkoottrail.jpg */ = {isa = PBXFileReference; lastKnownFileType = image.jpeg; path = chilkoottrail.jpg; sourceTree = "<group>"; };
		3260B46723DEC18A00CFFA85 /* hiddenlake.jpg */ = {isa = PBXFileReference; lastKnownFileType = image.jpeg; path = hiddenlake.jpg; sourceTree = "<group>"; };
		3260B46823DEC18A00CFFA85 /* stmarylake.jpg */ = {isa = PBXFileReference; lastKnownFileType = image.jpeg; path = stmarylake.jpg; sourceTree = "<group>"; };
		3260B46923DEC18A00CFFA85 /* umbagog.jpg */ = {isa = PBXFileReference; lastKnownFileType = image.jpeg; path = umbagog.jpg; sourceTree = "<group>"; };
		3260B46A23DEC18A00CFFA85 /* twinlake.jpg */ = {isa = PBXFileReference; lastKnownFileType = image.jpeg; path = twinlake.jpg; sourceTree = "<group>"; };
		3260B46B23DEC18A00CFFA85 /* yukon_charleyrivers.jpg */ = {isa = PBXFileReference; lastKnownFileType = image.jpeg; path = yukon_charleyrivers.jpg; sourceTree = "<group>"; };
		3260B46C23DEC18A00CFFA85 /* turtlerock.jpg */ = {isa = PBXFileReference; lastKnownFileType = image.jpeg; path = turtlerock.jpg; sourceTree = "<group>"; };
		3260B46D23DEC18A00CFFA85 /* icybay.jpg */ = {isa = PBXFileReference; lastKnownFileType = image.jpeg; path = icybay.jpg; sourceTree = "<group>"; };
		3260B46E23DEC18A00CFFA85 /* lakemcdonald.jpg */ = {isa = PBXFileReference; lastKnownFileType = image.jpeg; path = lakemcdonald.jpg; sourceTree = "<group>"; };
		3260B46F23DEC18A00CFFA85 /* silversalmoncreek.jpg */ = {isa = PBXFileReference; lastKnownFileType = image.jpeg; path = silversalmoncreek.jpg; sourceTree = "<group>"; };
		3260B47023DEC18A00CFFA85 /* chincoteague.jpg */ = {isa = PBXFileReference; lastKnownFileType = image.jpeg; path = chincoteague.jpg; sourceTree = "<group>"; };
		3260B47123DEC18B00CFFA85 /* rainbowlake.jpg */ = {isa = PBXFileReference; lastKnownFileType = image.jpeg; path = rainbowlake.jpg; sourceTree = "<group>"; };
/* End PBXFileReference section */

/* Begin PBXFrameworksBuildPhase section */
		3260B43623DEB9D100CFFA85 /* Frameworks */ = {
			isa = PBXFrameworksBuildPhase;
			buildActionMask = 2147483647;
			files = (
			);
			runOnlyForDeploymentPostprocessing = 0;
		};
/* End PBXFrameworksBuildPhase section */

/* Begin PBXGroup section */
		3260B43023DEB9D100CFFA85 = {
			isa = PBXGroup;
			children = (
				3260B43B23DEB9D100CFFA85 /* task.2.landmarks */,
				3260B43A23DEB9D100CFFA85 /* Products */,
			);
			sourceTree = "<group>";
		};
		3260B43A23DEB9D100CFFA85 /* Products */ = {
			isa = PBXGroup;
			children = (
				3260B43923DEB9D100CFFA85 /* task.2.landmarks.app */,
			);
			name = Products;
			sourceTree = "<group>";
		};
		3260B43B23DEB9D100CFFA85 /* task.2.landmarks */ = {
			isa = PBXGroup;
			children = (
				3260B43C23DEB9D100CFFA85 /* AppDelegate.swift */,
				3260B43E23DEB9D100CFFA85 /* SceneDelegate.swift */,
				3260B45023DEBB4A00CFFA85 /* MapView.swift */,
				3260B44023DEB9D100CFFA85 /* ContentView.swift */,
				3260B45223DEBB5D00CFFA85 /* CircleImage.swift */,
				3260B45923DEBC5700CFFA85 /* Landmark.swift */,
				3260B46623DEC18A00CFFA85 /* chilkoottrail.jpg */,
				3260B47023DEC18A00CFFA85 /* chincoteague.jpg */,
				3260B46723DEC18A00CFFA85 /* hiddenlake.jpg */,
				3260B46D23DEC18A00CFFA85 /* icybay.jpg */,
				3260B46E23DEC18A00CFFA85 /* lakemcdonald.jpg */,
				3260B47123DEC18B00CFFA85 /* rainbowlake.jpg */,
				3260B46F23DEC18A00CFFA85 /* silversalmoncreek.jpg */,
				3260B46823DEC18A00CFFA85 /* stmarylake.jpg */,
				3260B46C23DEC18A00CFFA85 /* turtlerock.jpg */,
				3260B46A23DEC18A00CFFA85 /* twinlake.jpg */,
				3260B46923DEC18A00CFFA85 /* umbagog.jpg */,
				3260B46B23DEC18A00CFFA85 /* yukon_charleyrivers.jpg */,
				3260B45B23DEBC7100CFFA85 /* landmarkData.json */,
				3260B46123DEBDF200CFFA85 /* Data.swift */,
				3260B44223DEB9D300CFFA85 /* Assets.xcassets */,
				3260B44723DEB9D300CFFA85 /* LaunchScreen.storyboard */,
				3260B44A23DEB9D300CFFA85 /* Info.plist */,
				3260B45D23DEBD0900CFFA85 /* LandmarkRow.swift */,
				3260B46423DEC0A500CFFA85 /* LandmarkList.swift */,
				3260B44423DEB9D300CFFA85 /* Preview Content */,
			);
			path = task.2.landmarks;
			sourceTree = "<group>";
		};
		3260B44423DEB9D300CFFA85 /* Preview Content */ = {
			isa = PBXGroup;
			children = (
				3260B44523DEB9D300CFFA85 /* Preview Assets.xcassets */,
			);
			path = "Preview Content";
			sourceTree = "<group>";
		};
/* End PBXGroup section */

/* Begin PBXNativeTarget section */
		3260B43823DEB9D100CFFA85 /* task.2.landmarks */ = {
			isa = PBXNativeTarget;
			buildConfigurationList = 3260B44D23DEB9D300CFFA85 /* Build configuration list for PBXNativeTarget "task.2.landmarks" */;
			buildPhases = (
				3260B43523DEB9D100CFFA85 /* Sources */,
				3260B43623DEB9D100CFFA85 /* Frameworks */,
				3260B43723DEB9D100CFFA85 /* Resources */,
			);
			buildRules = (
			);
			dependencies = (
			);
			name = task.2.landmarks;
			productName = task.2.landmarks;
			productReference = 3260B43923DEB9D100CFFA85 /* task.2.landmarks.app */;
			productType = "com.apple.product-type.application";
		};
/* End PBXNativeTarget section */

/* Begin PBXProject section */
		3260B43123DEB9D100CFFA85 /* Project object */ = {
			isa = PBXProject;
			attributes = {
				LastSwiftUpdateCheck = 1130;
				LastUpgradeCheck = 1130;
				ORGANIZATIONNAME = Juuso;
				TargetAttributes = {
					3260B43823DEB9D100CFFA85 = {
						CreatedOnToolsVersion = 11.3;
					};
				};
			};
			buildConfigurationList = 3260B43423DEB9D100CFFA85 /* Build configuration list for PBXProject "task.2.landmarks" */;
			compatibilityVersion = "Xcode 9.3";
			developmentRegion = en;
			hasScannedForEncodings = 0;
			knownRegions = (
				en,
				Base,
			);
			mainGroup = 3260B43023DEB9D100CFFA85;
			productRefGroup = 3260B43A23DEB9D100CFFA85 /* Products */;
			projectDirPath = "";
			projectRoot = "";
			targets = (
				3260B43823DEB9D100CFFA85 /* task.2.landmarks */,
			);
		};
/* End PBXProject section */

/* Begin PBXResourcesBuildPhase section */
		3260B43723DEB9D100CFFA85 /* Resources */ = {
			isa = PBXResourcesBuildPhase;
			buildActionMask = 2147483647;
			files = (
				3260B44923DEB9D300CFFA85 /* LaunchScreen.storyboard in Resources */,
				3260B47823DEC18B00CFFA85 /* turtlerock.jpg in Resources */,
				3260B45C23DEBC7100CFFA85 /* landmarkData.json in Resources */,
				3260B47A23DEC18B00CFFA85 /* lakemcdonald.jpg in Resources */,
				3260B44623DEB9D300CFFA85 /* Preview Assets.xcassets in Resources */,
				3260B47223DEC18B00CFFA85 /* chilkoottrail.jpg in Resources */,
				3260B47723DEC18B00CFFA85 /* yukon_charleyrivers.jpg in Resources */,
				3260B47523DEC18B00CFFA85 /* umbagog.jpg in Resources */,
				3260B47323DEC18B00CFFA85 /* hiddenlake.jpg in Resources */,
				3260B47C23DEC18B00CFFA85 /* chincoteague.jpg in Resources */,
				3260B47623DEC18B00CFFA85 /* twinlake.jpg in Resources */,
				3260B44323DEB9D300CFFA85 /* Assets.xcassets in Resources */,
				3260B47B23DEC18B00CFFA85 /* silversalmoncreek.jpg in Resources */,
				3260B47D23DEC18B00CFFA85 /* rainbowlake.jpg in Resources */,
				3260B47923DEC18B00CFFA85 /* icybay.jpg in Resources */,
				3260B47423DEC18B00CFFA85 /* stmarylake.jpg in Resources */,
			);
			runOnlyForDeploymentPostprocessing = 0;
		};
/* End PBXResourcesBuildPhase section */

/* Begin PBXSourcesBuildPhase section */
		3260B43523DEB9D100CFFA85 /* Sources */ = {
			isa = PBXSourcesBuildPhase;
			buildActionMask = 2147483647;
			files = (
				3260B43D23DEB9D100CFFA85 /* AppDelegate.swift in Sources */,
				3260B45123DEBB4A00CFFA85 /* MapView.swift in Sources */,
				3260B43F23DEB9D100CFFA85 /* SceneDelegate.swift in Sources */,
				3260B44123DEB9D100CFFA85 /* ContentView.swift in Sources */,
				3260B46523DEC0A500CFFA85 /* LandmarkList.swift in Sources */,
				3260B45323DEBB5D00CFFA85 /* CircleImage.swift in Sources */,
				3260B45E23DEBD0900CFFA85 /* LandmarkRow.swift in Sources */,
				3260B45A23DEBC5700CFFA85 /* Landmark.swift in Sources */,
				3260B46223DEBDF200CFFA85 /* Data.swift in Sources */,
			);
			runOnlyForDeploymentPostprocessing = 0;
		};
/* End PBXSourcesBuildPhase section */

/* Begin PBXVariantGroup section */
		3260B44723DEB9D300CFFA85 /* LaunchScreen.storyboard */ = {
			isa = PBXVariantGroup;
			children = (
				3260B44823DEB9D300CFFA85 /* Base */,
			);
			name = LaunchScreen.storyboard;
			sourceTree = "<group>";
		};
/* End PBXVariantGroup section */

/* Begin XCBuildConfiguration section */
		3260B44B23DEB9D300CFFA85 /* Debug */ = {
			isa = XCBuildConfiguration;
			buildSettings = {
				ALWAYS_SEARCH_USER_PATHS = NO;
				CLANG_ANALYZER_NONNULL = YES;
				CLANG_ANALYZER_NUMBER_OBJECT_CONVERSION = YES_AGGRESSIVE;
				CLANG_CXX_LANGUAGE_STANDARD = "gnu++14";
				CLANG_CXX_LIBRARY = "libc++";
				CLANG_ENABLE_MODULES = YES;
				CLANG_ENABLE_OBJC_ARC = YES;
				CLANG_ENABLE_OBJC_WEAK = YES;
				CLANG_WARN_BLOCK_CAPTURE_AUTORELEASING = YES;
				CLANG_WARN_BOOL_CONVERSION = YES;
				CLANG_WARN_COMMA = YES;
				CLANG_WARN_CONSTANT_CONVERSION = YES;
				CLANG_WARN_DEPRECATED_OBJC_IMPLEMENTATIONS = YES;
				CLANG_WARN_DIRECT_OBJC_ISA_USAGE = YES_ERROR;
				CLANG_WARN_DOCUMENTATION_COMMENTS = YES;
				CLANG_WARN_EMPTY_BODY = YES;
				CLANG_WARN_ENUM_CONVERSION = YES;
				CLANG_WARN_INFINITE_RECURSION = YES;
				CLANG_WARN_INT_CONVERSION = YES;
				CLANG_WARN_NON_LITERAL_NULL_CONVERSION = YES;
				CLANG_WARN_OBJC_IMPLICIT_RETAIN_SELF = YES;
				CLANG_WARN_OBJC_LITERAL_CONVERSION = YES;
				CLANG_WARN_OBJC_ROOT_CLASS = YES_ERROR;
				CLANG_WARN_RANGE_LOOP_ANALYSIS = YES;
				CLANG_WARN_STRICT_PROTOTYPES = YES;
				CLANG_WARN_SUSPICIOUS_MOVE = YES;
				CLANG_WARN_UNGUARDED_AVAILABILITY = YES_AGGRESSIVE;
				CLANG_WARN_UNREACHABLE_CODE = YES;
				CLANG_WARN__DUPLICATE_METHOD_MATCH = YES;
				COPY_PHASE_STRIP = NO;
				DEBUG_INFORMATION_FORMAT = dwarf;
				ENABLE_STRICT_OBJC_MSGSEND = YES;
				ENABLE_TESTABILITY = YES;
				GCC_C_LANGUAGE_STANDARD = gnu11;
				GCC_DYNAMIC_NO_PIC = NO;
				GCC_NO_COMMON_BLOCKS = YES;
				GCC_OPTIMIZATION_LEVEL = 0;
				GCC_PREPROCESSOR_DEFINITIONS = (
					"DEBUG=1",
					"$(inherited)",
				);
				GCC_WARN_64_TO_32_BIT_CONVERSION = YES;
				GCC_WARN_ABOUT_RETURN_TYPE = YES_ERROR;
				GCC_WARN_UNDECLARED_SELECTOR = YES;
				GCC_WARN_UNINITIALIZED_AUTOS = YES_AGGRESSIVE;
				GCC_WARN_UNUSED_FUNCTION = YES;
				GCC_WARN_UNUSED_VARIABLE = YES;
				IPHONEOS_DEPLOYMENT_TARGET = 13.2;
				MTL_ENABLE_DEBUG_INFO = INCLUDE_SOURCE;
				MTL_FAST_MATH = YES;
				ONLY_ACTIVE_ARCH = YES;
				SDKROOT = iphoneos;
				SWIFT_ACTIVE_COMPILATION_CONDITIONS = DEBUG;
				SWIFT_OPTIMIZATION_LEVEL = "-Onone";
			};
			name = Debug;
		};
		3260B44C23DEB9D300CFFA85 /* Release */ = {
			isa = XCBuildConfiguration;
			buildSettings = {
				ALWAYS_SEARCH_USER_PATHS = NO;
				CLANG_ANALYZER_NONNULL = YES;
				CLANG_ANALYZER_NUMBER_OBJECT_CONVERSION = YES_AGGRESSIVE;
				CLANG_CXX_LANGUAGE_STANDARD = "gnu++14";
				CLANG_CXX_LIBRARY = "libc++";
				CLANG_ENABLE_MODULES = YES;
				CLANG_ENABLE_OBJC_ARC = YES;
				CLANG_ENABLE_OBJC_WEAK = YES;
				CLANG_WARN_BLOCK_CAPTURE_AUTORELEASING = YES;
				CLANG_WARN_BOOL_CONVERSION = YES;
				CLANG_WARN_COMMA = YES;
				CLANG_WARN_CONSTANT_CONVERSION = YES;
				CLANG_WARN_DEPRECATED_OBJC_IMPLEMENTATIONS = YES;
				CLANG_WARN_DIRECT_OBJC_ISA_USAGE = YES_ERROR;
				CLANG_WARN_DOCUMENTATION_COMMENTS = YES;
				CLANG_WARN_EMPTY_BODY = YES;
				CLANG_WARN_ENUM_CONVERSION = YES;
				CLANG_WARN_INFINITE_RECURSION = YES;
				CLANG_WARN_INT_CONVERSION = YES;
				CLANG_WARN_NON_LITERAL_NULL_CONVERSION = YES;
				CLANG_WARN_OBJC_IMPLICIT_RETAIN_SELF = YES;
				CLANG_WARN_OBJC_LITERAL_CONVERSION = YES;
				CLANG_WARN_OBJC_ROOT_CLASS = YES_ERROR;
				CLANG_WARN_RANGE_LOOP_ANALYSIS = YES;
				CLANG_WARN_STRICT_PROTOTYPES = YES;
				CLANG_WARN_SUSPICIOUS_MOVE = YES;
				CLANG_WARN_UNGUARDED_AVAILABILITY = YES_AGGRESSIVE;
				CLANG_WARN_UNREACHABLE_CODE = YES;
				CLANG_WARN__DUPLICATE_METHOD_MATCH = YES;
				COPY_PHASE_STRIP = NO;
				DEBUG_INFORMATION_FORMAT = "dwarf-with-dsym";
				ENABLE_NS_ASSERTIONS = NO;
				ENABLE_STRICT_OBJC_MSGSEND = YES;
				GCC_C_LANGUAGE_STANDARD = gnu11;
				GCC_NO_COMMON_BLOCKS = YES;
				GCC_WARN_64_TO_32_BIT_CONVERSION = YES;
				GCC_WARN_ABOUT_RETURN_TYPE = YES_ERROR;
				GCC_WARN_UNDECLARED_SELECTOR = YES;
				GCC_WARN_UNINITIALIZED_AUTOS = YES_AGGRESSIVE;
				GCC_WARN_UNUSED_FUNCTION = YES;
				GCC_WARN_UNUSED_VARIABLE = YES;
				IPHONEOS_DEPLOYMENT_TARGET = 13.2;
				MTL_ENABLE_DEBUG_INFO = NO;
				MTL_FAST_MATH = YES;
				SDKROOT = iphoneos;
				SWIFT_COMPILATION_MODE = wholemodule;
				SWIFT_OPTIMIZATION_LEVEL = "-O";
				VALIDATE_PRODUCT = YES;
			};
			name = Release;
		};
		3260B44E23DEB9D300CFFA85 /* Debug */ = {
			isa = XCBuildConfiguration;
			buildSettings = {
				ASSETCATALOG_COMPILER_APPICON_NAME = AppIcon;
				CODE_SIGN_STYLE = Automatic;
				DEVELOPMENT_ASSET_PATHS = "\"task.2.landmarks/Preview Content\"";
				ENABLE_PREVIEWS = YES;
				INFOPLIST_FILE = task.2.landmarks/Info.plist;
				LD_RUNPATH_SEARCH_PATHS = (
					"$(inherited)",
					"@executable_path/Frameworks",
				);
				PRODUCT_BUNDLE_IDENTIFIER = "lab.digitradenomi.fi.task-2-landmarks";
				PRODUCT_NAME = "$(TARGET_NAME)";
				SWIFT_VERSION = 5.0;
				TARGETED_DEVICE_FAMILY = "1,2";
			};
			name = Debug;
		};
		3260B44F23DEB9D300CFFA85 /* Release */ = {
			isa = XCBuildConfiguration;
			buildSettings = {
				ASSETCATALOG_COMPILER_APPICON_NAME = AppIcon;
				CODE_SIGN_STYLE = Automatic;
				DEVELOPMENT_ASSET_PATHS = "\"task.2.landmarks/Preview Content\"";
				ENABLE_PREVIEWS = YES;
				INFOPLIST_FILE = task.2.landmarks/Info.plist;
				LD_RUNPATH_SEARCH_PATHS = (
					"$(inherited)",
					"@executable_path/Frameworks",
				);
				PRODUCT_BUNDLE_IDENTIFIER = "lab.digitradenomi.fi.task-2-landmarks";
				PRODUCT_NAME = "$(TARGET_NAME)";
				SWIFT_VERSION = 5.0;
				TARGETED_DEVICE_FAMILY = "1,2";
			};
			name = Release;
		};
/* End XCBuildConfiguration section */

/* Begin XCConfigurationList section */
		3260B43423DEB9D100CFFA85 /* Build configuration list for PBXProject "task.2.landmarks" */ = {
			isa = XCConfigurationList;
			buildConfigurations = (
				3260B44B23DEB9D300CFFA85 /* Debug */,
				3260B44C23DEB9D300CFFA85 /* Release */,
			);
			defaultConfigurationIsVisible = 0;
			defaultConfigurationName = Release;
		};
		3260B44D23DEB9D300CFFA85 /* Build configuration list for PBXNativeTarget "task.2.landmarks" */ = {
			isa = XCConfigurationList;
			buildConfigurations = (
				3260B44E23DEB9D300CFFA85 /* Debug */,
				3260B44F23DEB9D300CFFA85 /* Release */,
			);
			defaultConfigurationIsVisible = 0;
			defaultConfigurationName = Release;
		};
/* End XCConfigurationList section */
	};
	rootObject = 3260B43123DEB9D100CFFA85 /* Project object */;
}
